# THIS IS AN AUTOGENERATED FILE. DO NOT EDIT THIS FILE DIRECTLY.
# yarn lockfile v1


performance-now@^2.1.0:
  version "2.1.0"
  resolved "https://registry.yarnpkg.com/performance-now/-/performance-now-2.1.0.tgz#6309f4e0e5fa913ec1c69307ae364b4b377c9e7b"

present@^1.0.0:
  version "1.0.0"
  resolved "https://registry.yarnpkg.com/present/-/present-1.0.0.tgz#6d2f865be7a96885118f4660e83e2161fb71cf2b"
